
Microsoft Visual Studio Solution File, Format Version 12.00
# Visual Studio Version 16
VisualStudioVersion = 16.0.31515.178
MinimumVisualStudioVersion = 10.0.40219.1
Project("{F184B08F-C81C-45F6-A57F-5ABD9991F28F}") = "TicTacToe", "TicTacToe\TicTacToe.vbproj", "{A50FF5A1-08EB-443F-8DC5-84EB0923CBCF}"
EndProject
Global
	GlobalSection(SolutionConfigurationPlatforms) = preSolution
		Debug|Any CPU = Debug|Any CPU
		Release|Any CPU = Release|Any CPU
	EndGlobalSection
	GlobalSection(ProjectConfigurationPlatforms) = postSolution
		{A50FF5A1-08EB-443F-8DC5-84EB0923CBCF}.Debug|Any CPU.ActiveCfg = Debug|Any CPU
		{A50FF5A1-08EB-443F-8DC5-84EB0923CBCF}.Debug|Any CPU.Build.0 = Debug|Any CPU
		{A50FF5A1-08EB-443F-8DC5-84EB0923CBCF}.Release|Any CPU.ActiveCfg = Release|Any CPU
		{A50FF5A1-08EB-443F-8DC5-84EB0923CBCF}.Release|Any CPU.Build.0 = Release|Any CPU
	EndGlobalSection
	GlobalSection(SolutionProperties) = preSolution
		HideSolutionNode = FALSE
	EndGlobalSection
	GlobalSection(ExtensibilityGlobals) = postSolution
		SolutionGuid = {1FA483C3-EEB7-4411-B19D-5A0345BCAA00}
	EndGlobalSection
EndGlobal
